
Microsoft Visual Studio Solution File, Format Version 12.00
# Visual Studio Version 17
VisualStudioVersion = 17.4.33213.308
MinimumVisualStudioVersion = 10.0.40219.1
Project("{FAE04EC0-301F-11D3-BF4B-00C04F79EFBC}") = "CRUD APPLICATION", "CRUD APPLICATION\CRUD APPLICATION.csproj", "{69F7B2D1-2F4F-4099-85B7-E2538DD660AD}"
EndProject
Project("{FAE04EC0-301F-11D3-BF4B-00C04F79EFBC}") = "Business Layer", "Business Layer\Business Layer.csproj", "{FD35FDC0-49F5-4A44-9FD7-A16B910634B9}"
EndProject
Project("{FAE04EC0-301F-11D3-BF4B-00C04F79EFBC}") = "DAL", "DAL\DAL.csproj", "{31FBB59B-F337-4046-B384-3D6D08499E34}"
EndProject
Global
	GlobalSection(SolutionConfigurationPlatforms) = preSolution
		Debug|Any CPU = Debug|Any CPU
		Release|Any CPU = Release|Any CPU
	EndGlobalSection
	GlobalSection(ProjectConfigurationPlatforms) = postSolution
		{69F7B2D1-2F4F-4099-85B7-E2538DD660AD}.Debug|Any CPU.ActiveCfg = Debug|Any CPU
		{69F7B2D1-2F4F-4099-85B7-E2538DD660AD}.Debug|Any CPU.Build.0 = Debug|Any CPU
		{69F7B2D1-2F4F-4099-85B7-E2538DD660AD}.Release|Any CPU.ActiveCfg = Release|Any CPU
		{69F7B2D1-2F4F-4099-85B7-E2538DD660AD}.Release|Any CPU.Build.0 = Release|Any CPU
		{FD35FDC0-49F5-4A44-9FD7-A16B910634B9}.Debug|Any CPU.ActiveCfg = Debug|Any CPU
		{FD35FDC0-49F5-4A44-9FD7-A16B910634B9}.Debug|Any CPU.Build.0 = Debug|Any CPU
		{FD35FDC0-49F5-4A44-9FD7-A16B910634B9}.Release|Any CPU.ActiveCfg = Release|Any CPU
		{FD35FDC0-49F5-4A44-9FD7-A16B910634B9}.Release|Any CPU.Build.0 = Release|Any CPU
		{31FBB59B-F337-4046-B384-3D6D08499E34}.Debug|Any CPU.ActiveCfg = Debug|Any CPU
		{31FBB59B-F337-4046-B384-3D6D08499E34}.Debug|Any CPU.Build.0 = Debug|Any CPU
		{31FBB59B-F337-4046-B384-3D6D08499E34}.Release|Any CPU.ActiveCfg = Release|Any CPU
		{31FBB59B-F337-4046-B384-3D6D08499E34}.Release|Any CPU.Build.0 = Release|Any CPU
	EndGlobalSection
	GlobalSection(SolutionProperties) = preSolution
		HideSolutionNode = FALSE
	EndGlobalSection
	GlobalSection(ExtensibilityGlobals) = postSolution
		SolutionGuid = {5FB8B4FE-561C-47D3-9F0D-9F1B3BA9FBCA}
	EndGlobalSection
EndGlobal
